
Microsoft Visual Studio Solution File, Format Version 12.00
# Visual Studio 2013
VisualStudioVersion = 12.0.30723.0
MinimumVisualStudioVersion = 10.0.40219.1
Project("{2150E333-8FDC-42A3-9474-1A3956D46DE8}") = "MorphTargetSample", "MorphTargetSample", "{E7A3F7D0-B1E0-4A5F-9A72-1D8B1E0F3C5A}"
	ProjectSection(StridePackage) = preProject
		MorphTargetSample.Game\MorphTargetSample.Game.sdpkg = MorphTargetSample.Game\MorphTargetSample.Game.sdpkg
	EndProjectSection
EndProject
Project("{FAE04EC0-301F-11D3-BF4B-00C04F79EFBC}") = "MorphTargetSample.Windows", "MorphTargetSample.Windows\MorphTargetSample.Windows.csproj", "{B3A1E87C-5D2F-4A8E-9C1D-6F4E2A7B8D0C}"
EndProject
Project("{FAE04EC0-301F-11D3-BF4B-00C04F79EFBC}") = "MorphTargetSample.Game", "MorphTargetSample.Game\MorphTargetSample.Game.csproj", "{D4C5E9F1-2A3B-4C6D-8E7F-0A1B2C3D4E5F}"
EndProject
Global
	GlobalSection(SolutionConfigurationPlatforms) = preSolution
		Debug|Any CPU = Debug|Any CPU
		Debug|Mixed Platforms = Debug|Mixed Platforms
		Debug|Windows = Debug|Windows
		Release|Any CPU = Release|Any CPU
		Release|Mixed Platforms = Release|Mixed Platforms
		Release|Windows = Release|Windows
	EndGlobalSection
	GlobalSection(ProjectConfigurationPlatforms) = postSolution
		{B3A1E87C-5D2F-4A8E-9C1D-6F4E2A7B8D0C}.Debug|Any CPU.ActiveCfg = Debug|Any CPU
		{B3A1E87C-5D2F-4A8E-9C1D-6F4E2A7B8D0C}.Debug|Any CPU.Build.0 = Debug|Any CPU
		{B3A1E87C-5D2F-4A8E-9C1D-6F4E2A7B8D0C}.Debug|Any CPU.Deploy.0 = Debug|Any CPU
		{B3A1E87C-5D2F-4A8E-9C1D-6F4E2A7B8D0C}.Debug|Mixed Platforms.ActiveCfg = Debug|Any CPU
		{B3A1E87C-5D2F-4A8E-9C1D-6F4E2A7B8D0C}.Debug|Mixed Platforms.Build.0 = Debug|Any CPU
		{B3A1E87C-5D2F-4A8E-9C1D-6F4E2A7B8D0C}.Debug|Mixed Platforms.Deploy.0 = Debug|Any CPU
		{B3A1E87C-5D2F-4A8E-9C1D-6F4E2A7B8D0C}.Debug|Windows.ActiveCfg = Debug|Any CPU
		{B3A1E87C-5D2F-4A8E-9C1D-6F4E2A7B8D0C}.Debug|Windows.Build.0 = Debug|Any CPU
		{B3A1E87C-5D2F-4A8E-9C1D-6F4E2A7B8D0C}.Debug|Windows.Deploy.0 = Debug|Any CPU
		{B3A1E87C-5D2F-4A8E-9C1D-6F4E2A7B8D0C}.Release|Any CPU.ActiveCfg = Release|Any CPU
		{B3A1E87C-5D2F-4A8E-9C1D-6F4E2A7B8D0C}.Release|Any CPU.Build.0 = Release|Any CPU
		{B3A1E87C-5D2F-4A8E-9C1D-6F4E2A7B8D0C}.Release|Any CPU.Deploy.0 = Release|Any CPU
		{B3A1E87C-5D2F-4A8E-9C1D-6F4E2A7B8D0C}.Release|Mixed Platforms.ActiveCfg = Release|Any CPU
		{B3A1E87C-5D2F-4A8E-9C1D-6F4E2A7B8D0C}.Release|Mixed Platforms.Build.0 = Release|Any CPU
		{B3A1E87C-5D2F-4A8E-9C1D-6F4E2A7B8D0C}.Release|Mixed Platforms.Deploy.0 = Release|Any CPU
		{B3A1E87C-5D2F-4A8E-9C1D-6F4E2A7B8D0C}.Release|Windows.ActiveCfg = Release|Any CPU
		{B3A1E87C-5D2F-4A8E-9C1D-6F4E2A7B8D0C}.Release|Windows.Build.0 = Release|Any CPU
		{B3A1E87C-5D2F-4A8E-9C1D-6F4E2A7B8D0C}.Release|Windows.Deploy.0 = Release|Any CPU
		{D4C5E9F1-2A3B-4C6D-8E7F-0A1B2C3D4E5F}.Debug|Any CPU.ActiveCfg = Debug|Any CPU
		{D4C5E9F1-2A3B-4C6D-8E7F-0A1B2C3D4E5F}.Debug|Any CPU.Build.0 = Debug|Any CPU
		{D4C5E9F1-2A3B-4C6D-8E7F-0A1B2C3D4E5F}.Debug|Mixed Platforms.ActiveCfg = Debug|Any CPU
		{D4C5E9F1-2A3B-4C6D-8E7F-0A1B2C3D4E5F}.Debug|Mixed Platforms.Build.0 = Debug|Any CPU
		{D4C5E9F1-2A3B-4C6D-8E7F-0A1B2C3D4E5F}.Debug|Windows.ActiveCfg = Debug|Any CPU
		{D4C5E9F1-2A3B-4C6D-8E7F-0A1B2C3D4E5F}.Debug|Windows.Build.0 = Debug|Any CPU
		{D4C5E9F1-2A3B-4C6D-8E7F-0A1B2C3D4E5F}.Release|Any CPU.ActiveCfg = Release|Any CPU
		{D4C5E9F1-2A3B-4C6D-8E7F-0A1B2C3D4E5F}.Release|Any CPU.Build.0 = Release|Any CPU
		{D4C5E9F1-2A3B-4C6D-8E7F-0A1B2C3D4E5F}.Release|Mixed Platforms.ActiveCfg = Release|Any CPU
		{D4C5E9F1-2A3B-4C6D-8E7F-0A1B2C3D4E5F}.Release|Mixed Platforms.Build.0 = Release|Any CPU
		{D4C5E9F1-2A3B-4C6D-8E7F-0A1B2C3D4E5F}.Release|Windows.ActiveCfg = Release|Any CPU
		{D4C5E9F1-2A3B-4C6D-8E7F-0A1B2C3D4E5F}.Release|Windows.Build.0 = Release|Any CPU
	EndGlobalSection
	GlobalSection(NestedProjects) = preSolution
		{B3A1E87C-5D2F-4A8E-9C1D-6F4E2A7B8D0C} = {E7A3F7D0-B1E0-4A5F-9A72-1D8B1E0F3C5A}
		{D4C5E9F1-2A3B-4C6D-8E7F-0A1B2C3D4E5F} = {E7A3F7D0-B1E0-4A5F-9A72-1D8B1E0F3C5A}
	EndGlobalSection
EndGlobal
